# SPDX-License-Identifier: MIT
# Fixed host-downloaded package set for the SBA6 LuCI bootstrap.
#
# Columns:
#   package<TAB>filename<TAB>official URL<TAB>SHA256<TAB>role
#
# The package URLs and hashes below are for the official OpenWrt 21.02.7
# aarch64_generic feeds.  The vendor target is deliberately not used as a
# feed: it does not exist in the official archive.
OPENWRT_RELEASE=21.02.7
GENERIC_ARCH=aarch64_generic
VENDOR_ARCH=aarch64_cortex-a55_neon-vfpv4
VENDOR_TARGET=gem6xxx/evb6990_cpe_mt7990_emmc

libblobmsg-json20210516	libblobmsg-json20210516_2021-05-16-b14c4688-2_aarch64_generic.ipk	https://downloads.openwrt.org/releases/21.02.7/packages/aarch64_generic/base/libblobmsg-json20210516_2021-05-16-b14c4688-2_aarch64_generic.ipk	768d28a90a4490b895c35d7d4b0efa37c4ac8d6e7f682e014e0400dfae66d84d	dependency
libiwinfo-data	libiwinfo-data_2022-08-19-0dad3e66-1_aarch64_generic.ipk	https://downloads.openwrt.org/releases/21.02.7/packages/aarch64_generic/base/libiwinfo-data_2022-08-19-0dad3e66-1_aarch64_generic.ipk	28ee5535213228e966372cfd6701dd4e15df68c720a27c743fdbff1761772af1	dependency
libiwinfo-lua	libiwinfo-lua_2022-08-19-0dad3e66-1_aarch64_generic.ipk	https://downloads.openwrt.org/releases/21.02.7/packages/aarch64_generic/base/libiwinfo-lua_2022-08-19-0dad3e66-1_aarch64_generic.ipk	671d53171390ecc0d1ff1e1b1984ad51b7bb63c3e21e8e9ab664c8dba5948a84	dependency
libiwinfo20210430	libiwinfo20210430_2022-08-19-0dad3e66-1_aarch64_generic.ipk	https://downloads.openwrt.org/releases/21.02.7/packages/aarch64_generic/base/libiwinfo20210430_2022-08-19-0dad3e66-1_aarch64_generic.ipk	6e16bc4e350e63fb51c548561fa8485c40d284894ddf67660c41fcbf73559de0	dependency
libjson-c5	libjson-c5_0.15-2_aarch64_generic.ipk	https://downloads.openwrt.org/releases/21.02.7/packages/aarch64_generic/base/libjson-c5_0.15-2_aarch64_generic.ipk	9ff069682d05c9f995e6fe726e7be43272833d0a733cdb437265cc4e5ac96136	dependency
libjson-script20210516	libjson-script20210516_2021-05-16-b14c4688-2_aarch64_generic.ipk	https://downloads.openwrt.org/releases/21.02.7/packages/aarch64_generic/base/libjson-script20210516_2021-05-16-b14c4688-2_aarch64_generic.ipk	c2e20aec9febc09f44cfa85afb01ad3a4fc73da2f91d01f4a788a2a1913b5aca	dependency
liblua5.1.5	liblua5.1.5_5.1.5-9_aarch64_generic.ipk	https://downloads.openwrt.org/releases/21.02.7/packages/aarch64_generic/base/liblua5.1.5_5.1.5-9_aarch64_generic.ipk	e02a5bfd25a7bed97c5da2d94bd6e6eb1e950c2c0170affbb3d892cdba394bbc	dependency
libnl-tiny1	libnl-tiny1_2020-08-05-c291088f-2_aarch64_generic.ipk	https://downloads.openwrt.org/releases/21.02.7/packages/aarch64_generic/base/libnl-tiny1_2020-08-05-c291088f-2_aarch64_generic.ipk	630999c52e04b58b5ca3e15bcd323252f51d2370071ab04b140f4f69d909c827	special-libnl
libubox20210516	libubox20210516_2021-05-16-b14c4688-2_aarch64_generic.ipk	https://downloads.openwrt.org/releases/21.02.7/packages/aarch64_generic/base/libubox20210516_2021-05-16-b14c4688-2_aarch64_generic.ipk	f1cba38d726755eabe11dab41d7ee1f53b0c190b5705a12fa339372278eeb829	dependency
libubus-lua	libubus-lua_2021-06-30-4fc532c8-2_aarch64_generic.ipk	https://downloads.openwrt.org/releases/21.02.7/packages/aarch64_generic/base/libubus-lua_2021-06-30-4fc532c8-2_aarch64_generic.ipk	18eda41559f9c219550288d8a0adfe9b5d4b2fa8861e65f88cde75c3a64a3fbb	dependency
libubus20210630	libubus20210630_2021-06-30-4fc532c8-2_aarch64_generic.ipk	https://downloads.openwrt.org/releases/21.02.7/packages/aarch64_generic/base/libubus20210630_2021-06-30-4fc532c8-2_aarch64_generic.ipk	d3970f2a1009624601714f3be931bee9b9860fe1b4703bc36e8194ee9b677f56	dependency
libuci-lua	libuci-lua_2021-04-14-4b3db117-5_aarch64_generic.ipk	https://downloads.openwrt.org/releases/21.02.7/packages/aarch64_generic/base/libuci-lua_2021-04-14-4b3db117-5_aarch64_generic.ipk	2bdb385d83868c5aa5e77e0765f6d57920261612809ac44544def5b626d43a07	dependency
libuci20130104	libuci20130104_2021-04-14-4b3db117-5_aarch64_generic.ipk	https://downloads.openwrt.org/releases/21.02.7/packages/aarch64_generic/base/libuci20130104_2021-04-14-4b3db117-5_aarch64_generic.ipk	b3911e88524dcf75d34a604e93b112aa70dc21c8e88fe412a234e1e7f7430bf5	dependency
lua	lua_5.1.5-9_aarch64_generic.ipk	https://downloads.openwrt.org/releases/21.02.7/packages/aarch64_generic/base/lua_5.1.5-9_aarch64_generic.ipk	63be655a05f3ca56b4b9e07612320311c0a548f250c3f401921439bf18c85a57	dependency
rpcd-mod-file	rpcd-mod-file_2022-02-19-8d26a1ba-1_aarch64_generic.ipk	https://downloads.openwrt.org/releases/21.02.7/packages/aarch64_generic/base/rpcd-mod-file_2022-02-19-8d26a1ba-1_aarch64_generic.ipk	0e9af0604fcc5c609a44ca0feb9a231dfb10ebcccf0a9b4770378b5843c617c4	dependency
rpcd-mod-iwinfo	rpcd-mod-iwinfo_2022-02-19-8d26a1ba-1_aarch64_generic.ipk	https://downloads.openwrt.org/releases/21.02.7/packages/aarch64_generic/base/rpcd-mod-iwinfo_2022-02-19-8d26a1ba-1_aarch64_generic.ipk	ea75c5ffeece2e3d72f2bdf7c14c0d61ad8685b4be7df298212f46d08be6b9ff	dependency
rpcd	rpcd_2022-02-19-8d26a1ba-1_aarch64_generic.ipk	https://downloads.openwrt.org/releases/21.02.7/packages/aarch64_generic/base/rpcd_2022-02-19-8d26a1ba-1_aarch64_generic.ipk	4dd8334eeaac7213cd7356f9ec7f57a56b0c43b952602b333c178d8a27f8b335	dependency
uhttpd-mod-lua	uhttpd-mod-lua_2021-03-21-15346de8-2_aarch64_generic.ipk	https://downloads.openwrt.org/releases/21.02.7/packages/aarch64_generic/base/uhttpd-mod-lua_2021-03-21-15346de8-2_aarch64_generic.ipk	209135944815a046c1c9aafaa13fe5537255bda5a0323e9b1191fca3d39610ed	core
uhttpd-mod-ubus	uhttpd-mod-ubus_2021-03-21-15346de8-2_aarch64_generic.ipk	https://downloads.openwrt.org/releases/21.02.7/packages/aarch64_generic/base/uhttpd-mod-ubus_2021-03-21-15346de8-2_aarch64_generic.ipk	4d77f67e8addc853aa88ad8c20ac2efe00380c07c22c8545c30e0101059aa373	core
uhttpd	uhttpd_2021-03-21-15346de8-2_aarch64_generic.ipk	https://downloads.openwrt.org/releases/21.02.7/packages/aarch64_generic/base/uhttpd_2021-03-21-15346de8-2_aarch64_generic.ipk	39dd23a6a2f1d350d76f9315a7ab332d4aca244152151cb0b2ca7656eee3851a	core
cgi-io	cgi-io_2022-08-10-901b0f04-21_aarch64_generic.ipk	https://downloads.openwrt.org/releases/21.02.7/packages/aarch64_generic/packages/cgi-io_2022-08-10-901b0f04-21_aarch64_generic.ipk	0e823b52942e858a70187b94c50ed1dca79e348379fdcfc55cad44da12ad158b	dependency
liblucihttp-lua	liblucihttp-lua_2021-06-11-3dc89af4-1_aarch64_generic.ipk	https://downloads.openwrt.org/releases/21.02.7/packages/aarch64_generic/luci/liblucihttp-lua_2021-06-11-3dc89af4-1_aarch64_generic.ipk	6dc1b0be116f202c4207293eddd1025ed9ab7955c128251697a376d7b8e2244f	dependency
liblucihttp0	liblucihttp0_2021-06-11-3dc89af4-1_aarch64_generic.ipk	https://downloads.openwrt.org/releases/21.02.7/packages/aarch64_generic/luci/liblucihttp0_2021-06-11-3dc89af4-1_aarch64_generic.ipk	78a8c097c8ba887b2334d6102263cc0ad6af5310df6b385659d90fb4018932cf	dependency
luci-base	luci-base_git-23.093.57360-e98243e_aarch64_generic.ipk	https://downloads.openwrt.org/releases/21.02.7/packages/aarch64_generic/luci/luci-base_git-23.093.57360-e98243e_aarch64_generic.ipk	38730dbb308d62eee0cd8156490b2790be87b83da5e0cbfb286936403338bddd	core
luci-lib-base	luci-lib-base_git-20.232.39649-1f6dc29_all.ipk	https://downloads.openwrt.org/releases/21.02.7/packages/aarch64_generic/luci/luci-lib-base_git-20.232.39649-1f6dc29_all.ipk	7b9d21361cb8f297bfbf3bda4813d999ca26d1945366e06cfd43abd8c6c70b8d	dependency
luci-lib-ip	luci-lib-ip_git-20.250.76529-62505bd_aarch64_generic.ipk	https://downloads.openwrt.org/releases/21.02.7/packages/aarch64_generic/luci/luci-lib-ip_git-20.250.76529-62505bd_aarch64_generic.ipk	a13da749f3bc46181d0edfa0cd37fe5b69785453f345ca1ac1f776a15f273573	dependency
luci-lib-jsonc	luci-lib-jsonc_git-22.097.61937-bc85ba5_aarch64_generic.ipk	https://downloads.openwrt.org/releases/21.02.7/packages/aarch64_generic/luci/luci-lib-jsonc_git-22.097.61937-bc85ba5_aarch64_generic.ipk	08a016eb8e83f9fb01606b89e8429294a391085a4facfc07947d4826358d9cb2	dependency
luci-lib-nixio	luci-lib-nixio_git-20.234.06894-c4a4e43_aarch64_generic.ipk	https://downloads.openwrt.org/releases/21.02.7/packages/aarch64_generic/luci/luci-lib-nixio_git-20.234.06894-c4a4e43_aarch64_generic.ipk	3c80bc9b067143bb3bf9d07ca625f7fcff00e53d59212ce90f6d12506960b6aa	dependency
luci-mod-admin-full	luci-mod-admin-full_git-19.253.48496-3f93650_all.ipk	https://downloads.openwrt.org/releases/21.02.7/packages/aarch64_generic/luci/luci-mod-admin-full_git-19.253.48496-3f93650_all.ipk	ce2d55a603a998bc1e9dbed64fc5f2f0ed3f71240959c895287c1f96bc2a9e0f	core
luci-mod-network	luci-mod-network_git-22.244.54918-77c916e_all.ipk	https://downloads.openwrt.org/releases/21.02.7/packages/aarch64_generic/luci/luci-mod-network_git-22.244.54918-77c916e_all.ipk	619f96d158d5d088c73829b9b787c1a1650c18573fb5092eeb6612f9a1a01c4f	core
luci-mod-status	luci-mod-status_git-22.089.70019-d4f0b06_aarch64_generic.ipk	https://downloads.openwrt.org/releases/21.02.7/packages/aarch64_generic/luci/luci-mod-status_git-22.089.70019-d4f0b06_aarch64_generic.ipk	b772cf1abf04e23c2b2cdb9fa9f49934744ed6d12dd6bc3e8933aa56df13fefc	core
luci-mod-system	luci-mod-system_git-23.013.73129-aa7938d_all.ipk	https://downloads.openwrt.org/releases/21.02.7/packages/aarch64_generic/luci/luci-mod-system_git-23.013.73129-aa7938d_all.ipk	dfa14cc6ad654f4e2d5fe4544f0ebd29431c516bb71e9446937325a945006e22	core
luci-theme-bootstrap	luci-theme-bootstrap_git-22.288.45155-afd0012_all.ipk	https://downloads.openwrt.org/releases/21.02.7/packages/aarch64_generic/luci/luci-theme-bootstrap_git-22.288.45155-afd0012_all.ipk	9d8c56905500b4ac655c959c103fc2c2a4b8b61623dc4ba3e534692f9a115fb0	core
rpcd-mod-luci	rpcd-mod-luci_20210614_aarch64_generic.ipk	https://downloads.openwrt.org/releases/21.02.7/packages/aarch64_generic/luci/rpcd-mod-luci_20210614_aarch64_generic.ipk	bad53b57c28a2e73d87f2a8452d2285b0f978122be088e404a871e44923f18fe	dependency
